
Microsoft Visual Studio Solution File, Format Version 12.00
# Visual Studio Version 16
VisualStudioVersion = 16.0.30611.23
MinimumVisualStudioVersion = 10.0.40219.1
Project("{FAE04EC0-301F-11D3-BF4B-00C04F79EFBC}") = "KohYoungDataAnalizerDiff", "KohYoungDataAnalizerDiff.csproj", "{4514BF91-7B65-4381-8605-6102BF2A0349}"
EndProject
Project("{9A19103F-16F7-4668-BE54-9A1E7A4F7556}") = "DiffPlex", "..\diffplex-master\diffplex-master\DiffPlex\DiffPlex.csproj", "{DED40093-044A-4CDA-A712-D93F1B52C3B1}"
EndProject
Global
	GlobalSection(SolutionConfigurationPlatforms) = preSolution
		Debug|Any CPU = Debug|Any CPU
		Release|Any CPU = Release|Any CPU
	EndGlobalSection
	GlobalSection(ProjectConfigurationPlatforms) = postSolution
		{4514BF91-7B65-4381-8605-6102BF2A0349}.Debug|Any CPU.ActiveCfg = Debug|Any CPU
		{4514BF91-7B65-4381-8605-6102BF2A0349}.Debug|Any CPU.Build.0 = Debug|Any CPU
		{4514BF91-7B65-4381-8605-6102BF2A0349}.Release|Any CPU.ActiveCfg = Release|Any CPU
		{4514BF91-7B65-4381-8605-6102BF2A0349}.Release|Any CPU.Build.0 = Release|Any CPU
		{DED40093-044A-4CDA-A712-D93F1B52C3B1}.Debug|Any CPU.ActiveCfg = Debug|Any CPU
		{DED40093-044A-4CDA-A712-D93F1B52C3B1}.Debug|Any CPU.Build.0 = Debug|Any CPU
		{DED40093-044A-4CDA-A712-D93F1B52C3B1}.Release|Any CPU.ActiveCfg = Release|Any CPU
		{DED40093-044A-4CDA-A712-D93F1B52C3B1}.Release|Any CPU.Build.0 = Release|Any CPU
	EndGlobalSection
	GlobalSection(SolutionProperties) = preSolution
		HideSolutionNode = FALSE
	EndGlobalSection
	GlobalSection(ExtensibilityGlobals) = postSolution
		SolutionGuid = {C9682B8B-7932-466C-B4A0-A109718C3E8E}
	EndGlobalSection
EndGlobal
